{
    "_readme": [
        "This file locks the dependencies of your project to a known state",
        "Read more about it at https://getcomposer.org/doc/01-basic-usage.md#composer-lock-the-lock-file",
        "This file is @generated automatically"
    ],
    "hash": "7e4f7fdc750ffc9a4714dcb4a15116f1",
    "content-hash": "cbd1993b5b9024f28543e0056f35b917",
    "packages": [
        {
            "name": "grpc/grpc",
            "version": "v1.0.0",
            "source": {
                "type": "git",
                "url": "https://github.com/grpc/grpc.git",
                "reference": "2a69139aa7f609e439c24a46754252a5f9d37500"
            },
            "dist": {
                "type": "zip",
                "url": "https://api.github.com/repos/grpc/grpc/zipball/2a69139aa7f609e439c24a46754252a5f9d37500",
                "reference": "2a69139aa7f609e439c24a46754252a5f9d37500",
                "shasum": ""
            },
            "require": {
                "php": ">=5.5.0",
                "stanley-cheung/protobuf-php": "v0.6"
            },
            "require-dev": {
                "google/auth": "v0.9"
            },
            "type": "library",
            "autoload": {
                "psr-4": {
                    "Grpc\\": "src/php/lib/Grpc/"
                }
            },
            "notification-url": "https://packagist.org/downloads/",
            "license": [
                "BSD-3-Clause"
            ],
            "description": "gRPC library for PHP",
            "homepage": "http://grpc.io",
            "keywords": [
                "rpc"
            ],
            "time": "2016-08-19 00:55:10"
        },
        {
            "name": "nikic/php-parser",
            "version": "v2.1.1",
            "source": {
                "type": "git",
                "url": "https://github.com/nikic/PHP-Parser.git",
                "reference": "4dd659edadffdc2143e4753df655d866dbfeedf0"
            },
            "dist": {
                "type": "zip",
                "url": "https://api.github.com/repos/nikic/PHP-Parser/zipball/4dd659edadffdc2143e4753df655d866dbfeedf0",
                "reference": "4dd659edadffdc2143e4753df655d866dbfeedf0",
                "shasum": ""
            },
            "require": {
                "ext-tokenizer": "*",
                "php": ">=5.4"
            },
            "require-dev": {
                "phpunit/phpunit": "~4.0"
            },
            "bin": [
                "bin/php-parse"
            ],
            "type": "library",
            "extra": {
                "branch-alias": {
                    "dev-master": "2.1-dev"
                }
            },
            "autoload": {
                "psr-4": {
                    "PhpParser\\": "lib/PhpParser"
                }
            },
            "notification-url": "https://packagist.org/downloads/",
            "license": [
                "BSD-3-Clause"
            ],
            "authors": [
                {
                    "name": "Nikita Popov"
                }
            ],
            "description": "A PHP parser written in PHP",
            "keywords": [
                "parser",
                "php"
            ],
            "time": "2016-09-16 12:04:44"
        },
        {
            "name": "stanley-cheung/protobuf-php",
            "version": "v0.6",
            "source": {
                "type": "git",
                "url": "https://github.com/stanley-cheung/Protobuf-PHP.git",
                "reference": "e5d3b55b1898233e36abb552281d2dd0ce86c5e7"
            },
            "dist": {
                "type": "zip",
                "url": "https://api.github.com/repos/stanley-cheung/Protobuf-PHP/zipball/e5d3b55b1898233e36abb552281d2dd0ce86c5e7",
                "reference": "e5d3b55b1898233e36abb552281d2dd0ce86c5e7",
                "shasum": ""
            },
            "require": {
                "php": ">=5.3.0"
            },
            "bin": [
                "protoc-gen-php.bat",
                "protoc-gen-php.php"
            ],
            "type": "library",
            "extra": {
                "branch-alias": {
                    "dev-master": "1.0-dev"
                }
            },
            "autoload": {
                "psr-0": {
                    "DrSlump": "library/"
                }
            },
            "notification-url": "https://packagist.org/downloads/",
            "license": [
                "MIT"
            ],
            "authors": [
                {
                    "name": "Iván -DrSlump- Montes",
                    "email": "drslump@pollinimini.net",
                    "homepage": "https://github.com/drslump/Protobuf-PHP"
                }
            ],
            "description": "PHP implementation of Google's Protocol Buffers",
            "homepage": "https://github.com/stanley-cheung/Protobuf-PHP",
            "keywords": [
                "protobuf",
                "protocol buffer",
                "serializing"
            ],
            "time": "2016-07-22 02:12:15"
        }
    ],
    "packages-dev": [],
    "aliases": [],
    "minimum-stability": "stable",
    "stability-flags": [],
    "prefer-stable": false,
    "prefer-lowest": false,
    "platform": {
        "php": ">=5.4.0"
    },
    "platform-dev": []
}
